<?xml version="1.0" encoding="utf-8"?>
<Project ToolsVersion="4.0" xmlns="http://schemas.microsoft.com/developer/msbuild/2003">
  <ItemGroup>
    <Filter Include="Source Files">
      <UniqueIdentifier>{4FC737F1-C7A5-4376-A066-2A32D752A2FF}</UniqueIdentifier>
      <Extensions>cpp;c;cc;cxx;def;odl;idl;hpj;bat;asm;asmx</Extensions>
    </Filter>
    <Filter Include="Header Files">
      <UniqueIdentifier>{93995380-89BD-4b04-88EB-625FBE52EBFB}</UniqueIdentifier>
      <Extensions>h;hh;hpp;hxx;hm;inl;inc;ipp;xsd</Extensions>
    </Filter>
    <Filter Include="Resource Files">
      <UniqueIdentifier>{67DA6AB6-F800-4c08-8B7A-83BB121AAD01}</UniqueIdentifier>
      <Extensions>rc;ico;cur;bmp;dlg;rc2;rct;bin;rgs;gif;jpg;jpeg;jpe;resx;tiff;tif;png;wav;mfcribbon-ms</Extensions>
    </Filter>
    <Filter Include="Images">
      <UniqueIdentifier>{b34df6b2-2790-4750-bea1-4a941aa4abf3}</UniqueIdentifier>
    </Filter>
  </ItemGroup>
  <ItemGroup>
    <ClCompile Include="Game.cpp">
      <Filter>Source Files</Filter>
    </ClCompile>
    <ClCompile Include="Spaceship.cpp">
      <Filter>Source Files</Filter>
    </ClCompile>
    <ClCompile Include="Missile.cpp">
      <Filter>Source Files</Filter>
    </ClCompile>
    <ClCompile Include="LonerEnemy.cpp">
      <Filter>Source Files</Filter>
    </ClCompile>
    <ClCompile Include="StaticBackground.cpp">
      <Filter>Source Files</Filter>
    </ClCompile>
    <ClCompile Include="RusherEnemy.cpp">
      <Filter>Source Files</Filter>
    </ClCompile>
    <ClCompile Include="EnemyAttack.cpp">
      <Filter>Source Files</Filter>
    </ClCompile>
    <ClCompile Include="LevelSpawner.cpp">
      <Filter>Source Files</Filter>
    </ClCompile>
    <ClCompile Include="BackgroundParalax.cpp">
      <Filter>Source Files</Filter>
    </ClCompile>
    <ClCompile Include="LifeInterface.cpp">
      <Filter>Source Files</Filter>
    </ClCompile>
    <ClCompile Include="ShooterMissilesInterface.cpp">
      <Filter>Source Files</Filter>
    </ClCompile>
    <ClCompile Include="WeaponPowerUp.cpp">
      <Filter>Source Files</Filter>
    </ClCompile>
    <ClCompile Include="Companion.cpp">
      <Filter>Source Files</Filter>
    </ClCompile>
    <ClCompile Include="CompanionPowerUp.cpp">
      <Filter>Source Files</Filter>
    </ClCompile>
    <ClCompile Include="HUDLife.cpp">
      <Filter>Source Files</Filter>
    </ClCompile>
    <ClCompile Include="HUDScore.cpp">
      <Filter>Source Files</Filter>
    </ClCompile>
    <ClCompile Include="Points.cpp">
      <Filter>Source Files</Filter>
    </ClCompile>
    <ClCompile Include="DroneEnemy.cpp">
      <Filter>Source Files</Filter>
    </ClCompile>
    <ClCompile Include="ShieldPowerUp.cpp">
      <Filter>Source Files</Filter>
    </ClCompile>
    <ClCompile Include="MetalAsteroidBig.cpp">
      <Filter>Source Files</Filter>
    </ClCompile>
    <ClCompile Include="MetalAsteroidMedium.cpp">
      <Filter>Source Files</Filter>
    </ClCompile>
    <ClCompile Include="MetalAsteroidSmall.cpp">
      <Filter>Source Files</Filter>
    </ClCompile>
    <ClCompile Include="RockAsteroidBig.cpp">
      <Filter>Source Files</Filter>
    </ClCompile>
    <ClCompile Include="RockAsteroidMedium.cpp">
      <Filter>Source Files</Filter>
    </ClCompile>
    <ClCompile Include="RockAsteroidSmall.cpp">
      <Filter>Source Files</Filter>
    </ClCompile>
    <ClCompile Include="MainMenuUI.cpp">
      <Filter>Source Files</Filter>
    </ClCompile>
    <ClCompile Include="EndMenuUI.cpp">
      <Filter>Source Files</Filter>
    </ClCompile>
    <ClCompile Include="BossEnemy.cpp">
      <Filter>Source Files</Filter>
    </ClCompile>
    <ClCompile Include="BossEyes.cpp">
      <Filter>Source Files</Filter>
    </ClCompile>
    <ClCompile Include="YouWon.cpp">
      <Filter>Source Files</Filter>
    </ClCompile>
  </ItemGroup>
  <ItemGroup>
    <ClInclude Include="Spaceship.h">
      <Filter>Header Files</Filter>
    </ClInclude>
    <ClInclude Include="Missile.h">
      <Filter>Header Files</Filter>
    </ClInclude>
    <ClInclude Include="LonerEnemy.h">
      <Filter>Header Files</Filter>
    </ClInclude>
    <ClInclude Include="StaticBackground.h">
      <Filter>Header Files</Filter>
    </ClInclude>
    <ClInclude Include="RusherEnemy.h">
      <Filter>Header Files</Filter>
    </ClInclude>
    <ClInclude Include="EnemyAttack.h">
      <Filter>Header Files</Filter>
    </ClInclude>
    <ClInclude Include="LevelSpawner.h">
      <Filter>Header Files</Filter>
    </ClInclude>
    <ClInclude Include="BackgroundParalax.h">
      <Filter>Header Files</Filter>
    </ClInclude>
    <ClInclude Include="LifeInterface.h">
      <Filter>Header Files</Filter>
    </ClInclude>
    <ClInclude Include="ShooterMissilesInterface.h">
      <Filter>Header Files</Filter>
    </ClInclude>
    <ClInclude Include="WeaponPowerUp.h">
      <Filter>Header Files</Filter>
    </ClInclude>
    <ClInclude Include="Companion.h">
      <Filter>Header Files</Filter>
    </ClInclude>
    <ClInclude Include="CompanionPowerUp.h">
      <Filter>Header Files</Filter>
    </ClInclude>
    <ClInclude Include="HUDLife.h">
      <Filter>Header Files</Filter>
    </ClInclude>
    <ClInclude Include="HUDScore.h">
      <Filter>Header Files</Filter>
    </ClInclude>
    <ClInclude Include="Points.h">
      <Filter>Header Files</Filter>
    </ClInclude>
    <ClInclude Include="DroneEnemy.h">
      <Filter>Header Files</Filter>
    </ClInclude>
    <ClInclude Include="ShieldPowerUp.h">
      <Filter>Header Files</Filter>
    </ClInclude>
    <ClInclude Include="MetalAsteroidBig.h">
      <Filter>Header Files</Filter>
    </ClInclude>
    <ClInclude Include="MetalAsteroidMedium.h">
      <Filter>Header Files</Filter>
    </ClInclude>
    <ClInclude Include="MetalAsteroidSmall.h">
      <Filter>Header Files</Filter>
    </ClInclude>
    <ClInclude Include="RockAsteroidBig.h">
      <Filter>Header Files</Filter>
    </ClInclude>
    <ClInclude Include="RockAsteroidMedium.h">
      <Filter>Header Files</Filter>
    </ClInclude>
    <ClInclude Include="RockAsteroidSmall.h">
      <Filter>Header Files</Filter>
    </ClInclude>
    <ClInclude Include="MainMenuUI.h">
      <Filter>Header Files</Filter>
    </ClInclude>
    <ClInclude Include="EndMenuUI.h">
      <Filter>Header Files</Filter>
    </ClInclude>
    <ClInclude Include="BossEnemy.h">
      <Filter>Header Files</Filter>
    </ClInclude>
    <ClInclude Include="BossEyes.h">
      <Filter>Header Files</Filter>
    </ClInclude>
    <ClInclude Include="YouWon.h">
      <Filter>Header Files</Filter>
    </ClInclude>
  </ItemGroup>
</Project>